// !$*UTF8*$!
{
	archiveVersion = 1;
	classes = {
	};
	objectVersion = 50;
	objects = {

/* Begin PBXBuildFile section */
		79A5E1CF260541A20089C779 /* AppDelegate.swift in Sources */ = {isa = PBXBuildFile; fileRef = 79A5E1CE260541A20089C779 /* AppDelegate.swift */; };
		79A5E1D1260541A20089C779 /* SceneDelegate.swift in Sources */ = {isa = PBXBuildFile; fileRef = 79A5E1D0260541A20089C779 /* SceneDelegate.swift */; };
		79A5E1D3260541A20089C779 /* ViewController.swift in Sources */ = {isa = PBXBuildFile; fileRef = 79A5E1D2260541A20089C779 /* ViewController.swift */; };
		79A5E1D6260541A20089C779 /* Main.storyboard in Resources */ = {isa = PBXBuildFile; fileRef = 79A5E1D4260541A20089C779 /* Main.storyboard */; };
		79A5E1D8260541A60089C779 /* Assets.xcassets in Resources */ = {isa = PBXBuildFile; fileRef = 79A5E1D7260541A60089C779 /* Assets.xcassets */; };
		79A5E1DB260541A60089C779 /* LaunchScreen.storyboard in Resources */ = {isa = PBXBuildFile; fileRef = 79A5E1D9260541A60089C779 /* LaunchScreen.storyboard */; };
		79A5E1E6260541A70089C779 /* uniqueAPITests.swift in Sources */ = {isa = PBXBuildFile; fileRef = 79A5E1E5260541A70089C779 /* uniqueAPITests.swift */; };
		79A5E1F1260541A70089C779 /* uniqueAPIUITests.swift in Sources */ = {isa = PBXBuildFile; fileRef = 79A5E1F0260541A70089C779 /* uniqueAPIUITests.swift */; };
/* End PBXBuildFile section */

/* Begin PBXContainerItemProxy section */
		79A5E1E2260541A70089C779 /* PBXContainerItemProxy */ = {
			isa = PBXContainerItemProxy;
			containerPortal = 79A5E1C3260541A20089C779 /* Project object */;
			proxyType = 1;
			remoteGlobalIDString = 79A5E1CA260541A20089C779;
			remoteInfo = uniqueAPI;
		};
		79A5E1ED260541A70089C779 /* PBXContainerItemProxy */ = {
			isa = PBXContainerItemProxy;
			containerPortal = 79A5E1C3260541A20089C779 /* Project object */;
			proxyType = 1;
			remoteGlobalIDString = 79A5E1CA260541A20089C779;
			remoteInfo = uniqueAPI;
		};
/* End PBXContainerItemProxy section */

/* Begin PBXFileReference section */
		79A5E1CB260541A20089C779 /* uniqueAPI.app */ = {isa = PBXFileReference; explicitFileType = wrapper.application; includeInIndex = 0; path = uniqueAPI.app; sourceTree = BUILT_PRODUCTS_DIR; };
		79A5E1CE260541A20089C779 /* AppDelegate.swift */ = {isa = PBXFileReference; lastKnownFileType = sourcecode.swift; path = AppDelegate.swift; sourceTree = "<group>"; };
		79A5E1D0260541A20089C779 /* SceneDelegate.swift */ = {isa = PBXFileReference; lastKnownFileType = sourcecode.swift; path = SceneDelegate.swift; sourceTree = "<group>"; };
		79A5E1D2260541A20089C779 /* ViewController.swift */ = {isa = PBXFileReference; lastKnownFileType = sourcecode.swift; path = ViewController.swift; sourceTree = "<group>"; };
		79A5E1D5260541A20089C779 /* Base */ = {isa = PBXFileReference; lastKnownFileType = file.storyboard; name = Base; path = Base.lproj/Main.storyboard; sourceTree = "<group>"; };
		79A5E1D7260541A60089C779 /* Assets.xcassets */ = {isa = PBXFileReference; lastKnownFileType = folder.assetcatalog; path = Assets.xcassets; sourceTree = "<group>"; };
		79A5E1DA260541A60089C779 /* Base */ = {isa = PBXFileReference; lastKnownFileType = file.storyboard; name = Base; path = Base.lproj/LaunchScreen.storyboard; sourceTree = "<group>"; };
		79A5E1DC260541A60089C779 /* Info.plist */ = {isa = PBXFileReference; lastKnownFileType = text.plist.xml; path = Info.plist; sourceTree = "<group>"; };
		79A5E1E1260541A70089C779 /* uniqueAPITests.xctest */ = {isa = PBXFileReference; explicitFileType = wrapper.cfbundle; includeInIndex = 0; path = uniqueAPITests.xctest; sourceTree = BUILT_PRODUCTS_DIR; };
		79A5E1E5260541A70089C779 /* uniqueAPITests.swift */ = {isa = PBXFileReference; lastKnownFileType = sourcecode.swift; path = uniqueAPITests.swift; sourceTree = "<group>"; };
		79A5E1E7260541A70089C779 /* Info.plist */ = {isa = PBXFileReference; lastKnownFileType = text.plist.xml; path = Info.plist; sourceTree = "<group>"; };
		79A5E1EC260541A70089C779 /* uniqueAPIUITests.xctest */ = {isa = PBXFileReference; explicitFileType = wrapper.cfbundle; includeInIndex = 0; path = uniqueAPIUITests.xctest; sourceTree = BUILT_PRODUCTS_DIR; };
		79A5E1F0260541A70089C779 /* uniqueAPIUITests.swift */ = {isa = PBXFileReference; lastKnownFileType = sourcecode.swift; path = uniqueAPIUITests.swift; sourceTree = "<group>"; };
		79A5E1F2260541A70089C779 /* Info.plist */ = {isa = PBXFileReference; lastKnownFileType = text.plist.xml; path = Info.plist; sourceTree = "<group>"; };
/* End PBXFileReference section */

/* Begin PBXFrameworksBuildPhase section */
		79A5E1C8260541A20089C779 /* Frameworks */ = {
			isa = PBXFrameworksBuildPhase;
			buildActionMask = 2147483647;
			files = (
			);
			runOnlyForDeploymentPostprocessing = 0;
		};
		79A5E1DE260541A70089C779 /* Frameworks */ = {
			isa = PBXFrameworksBuildPhase;
			buildActionMask = 2147483647;
			files = (
			);
			runOnlyForDeploymentPostprocessing = 0;
		};
		79A5E1E9260541A70089C779 /* Frameworks */ = {
			isa = PBXFrameworksBuildPhase;
			buildActionMask = 2147483647;
			files = (
			);
			runOnlyForDeploymentPostprocessing = 0;
		};
/* End PBXFrameworksBuildPhase section */

/* Begin PBXGroup section */
		79A5E1C2260541A20089C779 = {
			isa = PBXGroup;
			children = (
				79A5E1CD260541A20089C779 /* uniqueAPI */,
				79A5E1E4260541A70089C779 /* uniqueAPITests */,
				79A5E1EF260541A70089C779 /* uniqueAPIUITests */,
				79A5E1CC260541A20089C779 /* Products */,
			);
			sourceTree = "<group>";
		};
		79A5E1CC260541A20089C779 /* Products */ = {
			isa = PBXGroup;
			children = (
				79A5E1CB260541A20089C779 /* uniqueAPI.app */,
				79A5E1E1260541A70089C779 /* uniqueAPITests.xctest */,
				79A5E1EC260541A70089C779 /* uniqueAPIUITests.xctest */,
			);
			name = Products;
			sourceTree = "<group>";
		};
		79A5E1CD260541A20089C779 /* uniqueAPI */ = {
			isa = PBXGroup;
			children = (
				79A5E1CE260541A20089C779 /* AppDelegate.swift */,
				79A5E1D0260541A20089C779 /* SceneDelegate.swift */,
				79A5E1D2260541A20089C779 /* ViewController.swift */,
				79A5E1D4260541A20089C779 /* Main.storyboard */,
				79A5E1D7260541A60089C779 /* Assets.xcassets */,
				79A5E1D9260541A60089C779 /* LaunchScreen.storyboard */,
				79A5E1DC260541A60089C779 /* Info.plist */,
			);
			path = uniqueAPI;
			sourceTree = "<group>";
		};
		79A5E1E4260541A70089C779 /* uniqueAPITests */ = {
			isa = PBXGroup;
			children = (
				79A5E1E5260541A70089C779 /* uniqueAPITests.swift */,
				79A5E1E7260541A70089C779 /* Info.plist */,
			);
			path = uniqueAPITests;
			sourceTree = "<group>";
		};
		79A5E1EF260541A70089C779 /* uniqueAPIUITests */ = {
			isa = PBXGroup;
			children = (
				79A5E1F0260541A70089C779 /* uniqueAPIUITests.swift */,
				79A5E1F2260541A70089C779 /* Info.plist */,
			);
			path = uniqueAPIUITests;
			sourceTree = "<group>";
		};
/* End PBXGroup section */

/* Begin PBXNativeTarget section */
		79A5E1CA260541A20089C779 /* uniqueAPI */ = {
			isa = PBXNativeTarget;
			buildConfigurationList = 79A5E1F5260541A70089C779 /* Build configuration list for PBXNativeTarget "uniqueAPI" */;
			buildPhases = (
				79A5E1C7260541A20089C779 /* Sources */,
				79A5E1C8260541A20089C779 /* Frameworks */,
				79A5E1C9260541A20089C779 /* Resources */,
			);
			buildRules = (
			);
			dependencies = (
			);
			name = uniqueAPI;
			productName = uniqueAPI;
			productReference = 79A5E1CB260541A20089C779 /* uniqueAPI.app */;
			productType = "com.apple.product-type.application";
		};
		79A5E1E0260541A70089C779 /* uniqueAPITests */ = {
			isa = PBXNativeTarget;
			buildConfigurationList = 79A5E1F8260541A70089C779 /* Build configuration list for PBXNativeTarget "uniqueAPITests" */;
			buildPhases = (
				79A5E1DD260541A70089C779 /* Sources */,
				79A5E1DE260541A70089C779 /* Frameworks */,
				79A5E1DF260541A70089C779 /* Resources */,
			);
			buildRules = (
			);
			dependencies = (
				79A5E1E3260541A70089C779 /* PBXTargetDependency */,
			);
			name = uniqueAPITests;
			productName = uniqueAPITests;
			productReference = 79A5E1E1260541A70089C779 /* uniqueAPITests.xctest */;
			productType = "com.apple.product-type.bundle.unit-test";
		};
		79A5E1EB260541A70089C779 /* uniqueAPIUITests */ = {
			isa = PBXNativeTarget;
			buildConfigurationList = 79A5E1FB260541A70089C779 /* Build configuration list for PBXNativeTarget "uniqueAPIUITests" */;
			buildPhases = (
				79A5E1E8260541A70089C779 /* Sources */,
				79A5E1E9260541A70089C779 /* Frameworks */,
				79A5E1EA260541A70089C779 /* Resources */,
			);
			buildRules = (
			);
			dependencies = (
				79A5E1EE260541A70089C779 /* PBXTargetDependency */,
			);
			name = uniqueAPIUITests;
			productName = uniqueAPIUITests;
			productReference = 79A5E1EC260541A70089C779 /* uniqueAPIUITests.xctest */;
			productType = "com.apple.product-type.bundle.ui-testing";
		};
/* End PBXNativeTarget section */

/* Begin PBXProject section */
		79A5E1C3260541A20089C779 /* Project object */ = {
			isa = PBXProject;
			attributes = {
				LastSwiftUpdateCheck = 1240;
				LastUpgradeCheck = 1240;
				TargetAttributes = {
					79A5E1CA260541A20089C779 = {
						CreatedOnToolsVersion = 12.4;
					};
					79A5E1E0260541A70089C779 = {
						CreatedOnToolsVersion = 12.4;
						TestTargetID = 79A5E1CA260541A20089C779;
					};
					79A5E1EB260541A70089C779 = {
						CreatedOnToolsVersion = 12.4;
						TestTargetID = 79A5E1CA260541A20089C779;
					};
				};
			};
			buildConfigurationList = 79A5E1C6260541A20089C779 /* Build configuration list for PBXProject "uniqueAPI" */;
			compatibilityVersion = "Xcode 9.3";
			developmentRegion = en;
			hasScannedForEncodings = 0;
			knownRegions = (
				en,
				Base,
			);
			mainGroup = 79A5E1C2260541A20089C779;
			productRefGroup = 79A5E1CC260541A20089C779 /* Products */;
			projectDirPath = "";
			projectRoot = "";
			targets = (
				79A5E1CA260541A20089C779 /* uniqueAPI */,
				79A5E1E0260541A70089C779 /* uniqueAPITests */,
				79A5E1EB260541A70089C779 /* uniqueAPIUITests */,
			);
		};
/* End PBXProject section */

/* Begin PBXResourcesBuildPhase section */
		79A5E1C9260541A20089C779 /* Resources */ = {
			isa = PBXResourcesBuildPhase;
			buildActionMask = 2147483647;
			files = (
				79A5E1DB260541A60089C779 /* LaunchScreen.storyboard in Resources */,
				79A5E1D8260541A60089C779 /* Assets.xcassets in Resources */,
				79A5E1D6260541A20089C779 /* Main.storyboard in Resources */,
			);
			runOnlyForDeploymentPostprocessing = 0;
		};
		79A5E1DF260541A70089C779 /* Resources */ = {
			isa = PBXResourcesBuildPhase;
			buildActionMask = 2147483647;
			files = (
			);
			runOnlyForDeploymentPostprocessing = 0;
		};
		79A5E1EA260541A70089C779 /* Resources */ = {
			isa = PBXResourcesBuildPhase;
			buildActionMask = 2147483647;
			files = (
			);
			runOnlyForDeploymentPostprocessing = 0;
		};
/* End PBXResourcesBuildPhase section */

/* Begin PBXSourcesBuildPhase section */
		79A5E1C7260541A20089C779 /* Sources */ = {
			isa = PBXSourcesBuildPhase;
			buildActionMask = 2147483647;
			files = (
				79A5E1D3260541A20089C779 /* ViewController.swift in Sources */,
				79A5E1CF260541A20089C779 /* AppDelegate.swift in Sources */,
				79A5E1D1260541A20089C779 /* SceneDelegate.swift in Sources */,
			);
			runOnlyForDeploymentPostprocessing = 0;
		};
		79A5E1DD260541A70089C779 /* Sources */ = {
			isa = PBXSourcesBuildPhase;
			buildActionMask = 2147483647;
			files = (
				79A5E1E6260541A70089C779 /* uniqueAPITests.swift in Sources */,
			);
			runOnlyForDeploymentPostprocessing = 0;
		};
		79A5E1E8260541A70089C779 /* Sources */ = {
			isa = PBXSourcesBuildPhase;
			buildActionMask = 2147483647;
			files = (
				79A5E1F1260541A70089C779 /* uniqueAPIUITests.swift in Sources */,
			);
			runOnlyForDeploymentPostprocessing = 0;
		};
/* End PBXSourcesBuildPhase section */

/* Begin PBXTargetDependency section */
		79A5E1E3260541A70089C779 /* PBXTargetDependency */ = {
			isa = PBXTargetDependency;
			target = 79A5E1CA260541A20089C779 /* uniqueAPI */;
			targetProxy = 79A5E1E2260541A70089C779 /* PBXContainerItemProxy */;
		};
		79A5E1EE260541A70089C779 /* PBXTargetDependency */ = {
			isa = PBXTargetDependency;
			target = 79A5E1CA260541A20089C779 /* uniqueAPI */;
			targetProxy = 79A5E1ED260541A70089C779 /* PBXContainerItemProxy */;
		};
/* End PBXTargetDependency section */

/* Begin PBXVariantGroup section */
		79A5E1D4260541A20089C779 /* Main.storyboard */ = {
			isa = PBXVariantGroup;
			children = (
				79A5E1D5260541A20089C779 /* Base */,
			);
			name = Main.storyboard;
			sourceTree = "<group>";
		};
		79A5E1D9260541A60089C779 /* LaunchScreen.storyboard */ = {
			isa = PBXVariantGroup;
			children = (
				79A5E1DA260541A60089C779 /* Base */,
			);
			name = LaunchScreen.storyboard;
			sourceTree = "<group>";
		};
/* End PBXVariantGroup section */

/* Begin XCBuildConfiguration section */
		79A5E1F3260541A70089C779 /* Debug */ = {
			isa = XCBuildConfiguration;
			buildSettings = {
				ALWAYS_SEARCH_USER_PATHS = NO;
				CLANG_ANALYZER_NONNULL = YES;
				CLANG_ANALYZER_NUMBER_OBJECT_CONVERSION = YES_AGGRESSIVE;
				CLANG_CXX_LANGUAGE_STANDARD = "gnu++14";
				CLANG_CXX_LIBRARY = "libc++";
				CLANG_ENABLE_MODULES = YES;
				CLANG_ENABLE_OBJC_ARC = YES;
				CLANG_ENABLE_OBJC_WEAK = YES;
				CLANG_WARN_BLOCK_CAPTURE_AUTORELEASING = YES;
				CLANG_WARN_BOOL_CONVERSION = YES;
				CLANG_WARN_COMMA = YES;
				CLANG_WARN_CONSTANT_CONVERSION = YES;
				CLANG_WARN_DEPRECATED_OBJC_IMPLEMENTATIONS = YES;
				CLANG_WARN_DIRECT_OBJC_ISA_USAGE = YES_ERROR;
				CLANG_WARN_DOCUMENTATION_COMMENTS = YES;
				CLANG_WARN_EMPTY_BODY = YES;
				CLANG_WARN_ENUM_CONVERSION = YES;
				CLANG_WARN_INFINITE_RECURSION = YES;
				CLANG_WARN_INT_CONVERSION = YES;
				CLANG_WARN_NON_LITERAL_NULL_CONVERSION = YES;
				CLANG_WARN_OBJC_IMPLICIT_RETAIN_SELF = YES;
				CLANG_WARN_OBJC_LITERAL_CONVERSION = YES;
				CLANG_WARN_OBJC_ROOT_CLASS = YES_ERROR;
				CLANG_WARN_QUOTED_INCLUDE_IN_FRAMEWORK_HEADER = YES;
				CLANG_WARN_RANGE_LOOP_ANALYSIS = YES;
				CLANG_WARN_STRICT_PROTOTYPES = YES;
				CLANG_WARN_SUSPICIOUS_MOVE = YES;
				CLANG_WARN_UNGUARDED_AVAILABILITY = YES_AGGRESSIVE;
				CLANG_WARN_UNREACHABLE_CODE = YES;
				CLANG_WARN__DUPLICATE_METHOD_MATCH = YES;
				COPY_PHASE_STRIP = NO;
				DEBUG_INFORMATION_FORMAT = dwarf;
				ENABLE_STRICT_OBJC_MSGSEND = YES;
				ENABLE_TESTABILITY = YES;
				GCC_C_LANGUAGE_STANDARD = gnu11;
				GCC_DYNAMIC_NO_PIC = NO;
				GCC_NO_COMMON_BLOCKS = YES;
				GCC_OPTIMIZATION_LEVEL = 0;
				GCC_PREPROCESSOR_DEFINITIONS = (
					"DEBUG=1",
					"$(inherited)",
				);
				GCC_WARN_64_TO_32_BIT_CONVERSION = YES;
				GCC_WARN_ABOUT_RETURN_TYPE = YES_ERROR;
				GCC_WARN_UNDECLARED_SELECTOR = YES;
				GCC_WARN_UNINITIALIZED_AUTOS = YES_AGGRESSIVE;
				GCC_WARN_UNUSED_FUNCTION = YES;
				GCC_WARN_UNUSED_VARIABLE = YES;
				IPHONEOS_DEPLOYMENT_TARGET = 14.4;
				MTL_ENABLE_DEBUG_INFO = INCLUDE_SOURCE;
				MTL_FAST_MATH = YES;
				ONLY_ACTIVE_ARCH = YES;
				SDKROOT = iphoneos;
				SWIFT_ACTIVE_COMPILATION_CONDITIONS = DEBUG;
				SWIFT_OPTIMIZATION_LEVEL = "-Onone";
			};
			name = Debug;
		};
		79A5E1F4260541A70089C779 /* Release */ = {
			isa = XCBuildConfiguration;
			buildSettings = {
				ALWAYS_SEARCH_USER_PATHS = NO;
				CLANG_ANALYZER_NONNULL = YES;
				CLANG_ANALYZER_NUMBER_OBJECT_CONVERSION = YES_AGGRESSIVE;
				CLANG_CXX_LANGUAGE_STANDARD = "gnu++14";
				CLANG_CXX_LIBRARY = "libc++";
				CLANG_ENABLE_MODULES = YES;
				CLANG_ENABLE_OBJC_ARC = YES;
				CLANG_ENABLE_OBJC_WEAK = YES;
				CLANG_WARN_BLOCK_CAPTURE_AUTORELEASING = YES;
				CLANG_WARN_BOOL_CONVERSION = YES;
				CLANG_WARN_COMMA = YES;
				CLANG_WARN_CONSTANT_CONVERSION = YES;
				CLANG_WARN_DEPRECATED_OBJC_IMPLEMENTATIONS = YES;
				CLANG_WARN_DIRECT_OBJC_ISA_USAGE = YES_ERROR;
				CLANG_WARN_DOCUMENTATION_COMMENTS = YES;
				CLANG_WARN_EMPTY_BODY = YES;
				CLANG_WARN_ENUM_CONVERSION = YES;
				CLANG_WARN_INFINITE_RECURSION = YES;
				CLANG_WARN_INT_CONVERSION = YES;
				CLANG_WARN_NON_LITERAL_NULL_CONVERSION = YES;
				CLANG_WARN_OBJC_IMPLICIT_RETAIN_SELF = YES;
				CLANG_WARN_OBJC_LITERAL_CONVERSION = YES;
				CLANG_WARN_OBJC_ROOT_CLASS = YES_ERROR;
				CLANG_WARN_QUOTED_INCLUDE_IN_FRAMEWORK_HEADER = YES;
				CLANG_WARN_RANGE_LOOP_ANALYSIS = YES;
				CLANG_WARN_STRICT_PROTOTYPES = YES;
				CLANG_WARN_SUSPICIOUS_MOVE = YES;
				CLANG_WARN_UNGUARDED_AVAILABILITY = YES_AGGRESSIVE;
				CLANG_WARN_UNREACHABLE_CODE = YES;
				CLANG_WARN__DUPLICATE_METHOD_MATCH = YES;
				COPY_PHASE_STRIP = NO;
				DEBUG_INFORMATION_FORMAT = "dwarf-with-dsym";
				ENABLE_NS_ASSERTIONS = NO;
				ENABLE_STRICT_OBJC_MSGSEND = YES;
				GCC_C_LANGUAGE_STANDARD = gnu11;
				GCC_NO_COMMON_BLOCKS = YES;
				GCC_WARN_64_TO_32_BIT_CONVERSION = YES;
				GCC_WARN_ABOUT_RETURN_TYPE = YES_ERROR;
				GCC_WARN_UNDECLARED_SELECTOR = YES;
				GCC_WARN_UNINITIALIZED_AUTOS = YES_AGGRESSIVE;
				GCC_WARN_UNUSED_FUNCTION = YES;
				GCC_WARN_UNUSED_VARIABLE = YES;
				IPHONEOS_DEPLOYMENT_TARGET = 14.4;
				MTL_ENABLE_DEBUG_INFO = NO;
				MTL_FAST_MATH = YES;
				SDKROOT = iphoneos;
				SWIFT_COMPILATION_MODE = wholemodule;
				SWIFT_OPTIMIZATION_LEVEL = "-O";
				VALIDATE_PRODUCT = YES;
			};
			name = Release;
		};
		79A5E1F6260541A70089C779 /* Debug */ = {
			isa = XCBuildConfiguration;
			buildSettings = {
				ASSETCATALOG_COMPILER_APPICON_NAME = AppIcon;
				ASSETCATALOG_COMPILER_GLOBAL_ACCENT_COLOR_NAME = AccentColor;
				CODE_SIGN_STYLE = Automatic;
				DEVELOPMENT_TEAM = FZKXLQYWYD;
				INFOPLIST_FILE = uniqueAPI/Info.plist;
				LD_RUNPATH_SEARCH_PATHS = (
					"$(inherited)",
					"@executable_path/Frameworks",
				);
				PRODUCT_BUNDLE_IDENTIFIER = jcurtin.uniqueAPI;
				PRODUCT_NAME = "$(TARGET_NAME)";
				SWIFT_VERSION = 5.0;
				TARGETED_DEVICE_FAMILY = "1,2";
			};
			name = Debug;
		};
		79A5E1F7260541A70089C779 /* Release */ = {
			isa = XCBuildConfiguration;
			buildSettings = {
				ASSETCATALOG_COMPILER_APPICON_NAME = AppIcon;
				ASSETCATALOG_COMPILER_GLOBAL_ACCENT_COLOR_NAME = AccentColor;
				CODE_SIGN_STYLE = Automatic;
				DEVELOPMENT_TEAM = FZKXLQYWYD;
				INFOPLIST_FILE = uniqueAPI/Info.plist;
				LD_RUNPATH_SEARCH_PATHS = (
					"$(inherited)",
					"@executable_path/Frameworks",
				);
				PRODUCT_BUNDLE_IDENTIFIER = jcurtin.uniqueAPI;
				PRODUCT_NAME = "$(TARGET_NAME)";
				SWIFT_VERSION = 5.0;
				TARGETED_DEVICE_FAMILY = "1,2";
			};
			name = Release;
		};
		79A5E1F9260541A70089C779 /* Debug */ = {
			isa = XCBuildConfiguration;
			buildSettings = {
				ALWAYS_EMBED_SWIFT_STANDARD_LIBRARIES = YES;
				BUNDLE_LOADER = "$(TEST_HOST)";
				CODE_SIGN_STYLE = Automatic;
				INFOPLIST_FILE = uniqueAPITests/Info.plist;
				IPHONEOS_DEPLOYMENT_TARGET = 14.4;
				LD_RUNPATH_SEARCH_PATHS = (
					"$(inherited)",
					"@executable_path/Frameworks",
					"@loader_path/Frameworks",
				);
				PRODUCT_BUNDLE_IDENTIFIER = jcurtin.uniqueAPITests;
				PRODUCT_NAME = "$(TARGET_NAME)";
				SWIFT_VERSION = 5.0;
				TARGETED_DEVICE_FAMILY = "1,2";
				TEST_HOST = "$(BUILT_PRODUCTS_DIR)/uniqueAPI.app/uniqueAPI";
			};
			name = Debug;
		};
		79A5E1FA260541A70089C779 /* Release */ = {
			isa = XCBuildConfiguration;
			buildSettings = {
				ALWAYS_EMBED_SWIFT_STANDARD_LIBRARIES = YES;
				BUNDLE_LOADER = "$(TEST_HOST)";
				CODE_SIGN_STYLE = Automatic;
				INFOPLIST_FILE = uniqueAPITests/Info.plist;
				IPHONEOS_DEPLOYMENT_TARGET = 14.4;
				LD_RUNPATH_SEARCH_PATHS = (
					"$(inherited)",
					"@executable_path/Frameworks",
					"@loader_path/Frameworks",
				);
				PRODUCT_BUNDLE_IDENTIFIER = jcurtin.uniqueAPITests;
				PRODUCT_NAME = "$(TARGET_NAME)";
				SWIFT_VERSION = 5.0;
				TARGETED_DEVICE_FAMILY = "1,2";
				TEST_HOST = "$(BUILT_PRODUCTS_DIR)/uniqueAPI.app/uniqueAPI";
			};
			name = Release;
		};
		79A5E1FC260541A70089C779 /* Debug */ = {
			isa = XCBuildConfiguration;
			buildSettings = {
				ALWAYS_EMBED_SWIFT_STANDARD_LIBRARIES = YES;
				CODE_SIGN_STYLE = Automatic;
				INFOPLIST_FILE = uniqueAPIUITests/Info.plist;
				LD_RUNPATH_SEARCH_PATHS = (
					"$(inherited)",
					"@executable_path/Frameworks",
					"@loader_path/Frameworks",
				);
				PRODUCT_BUNDLE_IDENTIFIER = jcurtin.uniqueAPIUITests;
				PRODUCT_NAME = "$(TARGET_NAME)";
				SWIFT_VERSION = 5.0;
				TARGETED_DEVICE_FAMILY = "1,2";
				TEST_TARGET_NAME = uniqueAPI;
			};
			name = Debug;
		};
		79A5E1FD260541A70089C779 /* Release */ = {
			isa = XCBuildConfiguration;
			buildSettings = {
				ALWAYS_EMBED_SWIFT_STANDARD_LIBRARIES = YES;
				CODE_SIGN_STYLE = Automatic;
				INFOPLIST_FILE = uniqueAPIUITests/Info.plist;
				LD_RUNPATH_SEARCH_PATHS = (
					"$(inherited)",
					"@executable_path/Frameworks",
					"@loader_path/Frameworks",
				);
				PRODUCT_BUNDLE_IDENTIFIER = jcurtin.uniqueAPIUITests;
				PRODUCT_NAME = "$(TARGET_NAME)";
				SWIFT_VERSION = 5.0;
				TARGETED_DEVICE_FAMILY = "1,2";
				TEST_TARGET_NAME = uniqueAPI;
			};
			name = Release;
		};
/* End XCBuildConfiguration section */

/* Begin XCConfigurationList section */
		79A5E1C6260541A20089C779 /* Build configuration list for PBXProject "uniqueAPI" */ = {
			isa = XCConfigurationList;
			buildConfigurations = (
				79A5E1F3260541A70089C779 /* Debug */,
				79A5E1F4260541A70089C779 /* Release */,
			);
			defaultConfigurationIsVisible = 0;
			defaultConfigurationName = Release;
		};
		79A5E1F5260541A70089C779 /* Build configuration list for PBXNativeTarget "uniqueAPI" */ = {
			isa = XCConfigurationList;
			buildConfigurations = (
				79A5E1F6260541A70089C779 /* Debug */,
				79A5E1F7260541A70089C779 /* Release */,
			);
			defaultConfigurationIsVisible = 0;
			defaultConfigurationName = Release;
		};
		79A5E1F8260541A70089C779 /* Build configuration list for PBXNativeTarget "uniqueAPITests" */ = {
			isa = XCConfigurationList;
			buildConfigurations = (
				79A5E1F9260541A70089C779 /* Debug */,
				79A5E1FA260541A70089C779 /* Release */,
			);
			defaultConfigurationIsVisible = 0;
			defaultConfigurationName = Release;
		};
		79A5E1FB260541A70089C779 /* Build configuration list for PBXNativeTarget "uniqueAPIUITests" */ = {
			isa = XCConfigurationList;
			buildConfigurations = (
				79A5E1FC260541A70089C779 /* Debug */,
				79A5E1FD260541A70089C779 /* Release */,
			);
			defaultConfigurationIsVisible = 0;
			defaultConfigurationName = Release;
		};
/* End XCConfigurationList section */
	};
	rootObject = 79A5E1C3260541A20089C779 /* Project object */;
}
