// !$*UTF8*$!
{
	archiveVersion = 1;
	classes = {
	};
	objectVersion = 50;
	objects = {

/* Begin PBXBuildFile section */
		793A274825FFFF5F00E96693 /* AppDelegate.m in Sources */ = {isa = PBXBuildFile; fileRef = 793A274725FFFF5F00E96693 /* AppDelegate.m */; };
		793A274B25FFFF5F00E96693 /* SceneDelegate.m in Sources */ = {isa = PBXBuildFile; fileRef = 793A274A25FFFF5F00E96693 /* SceneDelegate.m */; };
		793A274E25FFFF5F00E96693 /* ViewController.m in Sources */ = {isa = PBXBuildFile; fileRef = 793A274D25FFFF5F00E96693 /* ViewController.m */; };
		793A275125FFFF5F00E96693 /* Main.storyboard in Resources */ = {isa = PBXBuildFile; fileRef = 793A274F25FFFF5F00E96693 /* Main.storyboard */; };
		793A275325FFFF6100E96693 /* Assets.xcassets in Resources */ = {isa = PBXBuildFile; fileRef = 793A275225FFFF6100E96693 /* Assets.xcassets */; };
		793A275625FFFF6100E96693 /* LaunchScreen.storyboard in Resources */ = {isa = PBXBuildFile; fileRef = 793A275425FFFF6100E96693 /* LaunchScreen.storyboard */; };
		793A275925FFFF6100E96693 /* main.m in Sources */ = {isa = PBXBuildFile; fileRef = 793A275825FFFF6100E96693 /* main.m */; };
		793A276325FFFF6200E96693 /* interesting_api_projectTests.m in Sources */ = {isa = PBXBuildFile; fileRef = 793A276225FFFF6200E96693 /* interesting_api_projectTests.m */; };
		793A276E25FFFF6200E96693 /* interesting_api_projectUITests.m in Sources */ = {isa = PBXBuildFile; fileRef = 793A276D25FFFF6200E96693 /* interesting_api_projectUITests.m */; };
/* End PBXBuildFile section */

/* Begin PBXContainerItemProxy section */
		793A275F25FFFF6200E96693 /* PBXContainerItemProxy */ = {
			isa = PBXContainerItemProxy;
			containerPortal = 793A273B25FFFF5F00E96693 /* Project object */;
			proxyType = 1;
			remoteGlobalIDString = 793A274225FFFF5F00E96693;
			remoteInfo = interesting_api_project;
		};
		793A276A25FFFF6200E96693 /* PBXContainerItemProxy */ = {
			isa = PBXContainerItemProxy;
			containerPortal = 793A273B25FFFF5F00E96693 /* Project object */;
			proxyType = 1;
			remoteGlobalIDString = 793A274225FFFF5F00E96693;
			remoteInfo = interesting_api_project;
		};
/* End PBXContainerItemProxy section */

/* Begin PBXFileReference section */
		793A274325FFFF5F00E96693 /* interesting_api_project.app */ = {isa = PBXFileReference; explicitFileType = wrapper.application; includeInIndex = 0; path = interesting_api_project.app; sourceTree = BUILT_PRODUCTS_DIR; };
		793A274625FFFF5F00E96693 /* AppDelegate.h */ = {isa = PBXFileReference; lastKnownFileType = sourcecode.c.h; path = AppDelegate.h; sourceTree = "<group>"; };
		793A274725FFFF5F00E96693 /* AppDelegate.m */ = {isa = PBXFileReference; lastKnownFileType = sourcecode.c.objc; path = AppDelegate.m; sourceTree = "<group>"; };
		793A274925FFFF5F00E96693 /* SceneDelegate.h */ = {isa = PBXFileReference; lastKnownFileType = sourcecode.c.h; path = SceneDelegate.h; sourceTree = "<group>"; };
		793A274A25FFFF5F00E96693 /* SceneDelegate.m */ = {isa = PBXFileReference; lastKnownFileType = sourcecode.c.objc; path = SceneDelegate.m; sourceTree = "<group>"; };
		793A274C25FFFF5F00E96693 /* ViewController.h */ = {isa = PBXFileReference; lastKnownFileType = sourcecode.c.h; path = ViewController.h; sourceTree = "<group>"; };
		793A274D25FFFF5F00E96693 /* ViewController.m */ = {isa = PBXFileReference; lastKnownFileType = sourcecode.c.objc; path = ViewController.m; sourceTree = "<group>"; };
		793A275025FFFF5F00E96693 /* Base */ = {isa = PBXFileReference; lastKnownFileType = file.storyboard; name = Base; path = Base.lproj/Main.storyboard; sourceTree = "<group>"; };
		793A275225FFFF6100E96693 /* Assets.xcassets */ = {isa = PBXFileReference; lastKnownFileType = folder.assetcatalog; path = Assets.xcassets; sourceTree = "<group>"; };
		793A275525FFFF6100E96693 /* Base */ = {isa = PBXFileReference; lastKnownFileType = file.storyboard; name = Base; path = Base.lproj/LaunchScreen.storyboard; sourceTree = "<group>"; };
		793A275725FFFF6100E96693 /* Info.plist */ = {isa = PBXFileReference; lastKnownFileType = text.plist.xml; path = Info.plist; sourceTree = "<group>"; };
		793A275825FFFF6100E96693 /* main.m */ = {isa = PBXFileReference; lastKnownFileType = sourcecode.c.objc; path = main.m; sourceTree = "<group>"; };
		793A275E25FFFF6200E96693 /* interesting_api_projectTests.xctest */ = {isa = PBXFileReference; explicitFileType = wrapper.cfbundle; includeInIndex = 0; path = interesting_api_projectTests.xctest; sourceTree = BUILT_PRODUCTS_DIR; };
		793A276225FFFF6200E96693 /* interesting_api_projectTests.m */ = {isa = PBXFileReference; lastKnownFileType = sourcecode.c.objc; path = interesting_api_projectTests.m; sourceTree = "<group>"; };
		793A276425FFFF6200E96693 /* Info.plist */ = {isa = PBXFileReference; lastKnownFileType = text.plist.xml; path = Info.plist; sourceTree = "<group>"; };
		793A276925FFFF6200E96693 /* interesting_api_projectUITests.xctest */ = {isa = PBXFileReference; explicitFileType = wrapper.cfbundle; includeInIndex = 0; path = interesting_api_projectUITests.xctest; sourceTree = BUILT_PRODUCTS_DIR; };
		793A276D25FFFF6200E96693 /* interesting_api_projectUITests.m */ = {isa = PBXFileReference; lastKnownFileType = sourcecode.c.objc; path = interesting_api_projectUITests.m; sourceTree = "<group>"; };
		793A276F25FFFF6200E96693 /* Info.plist */ = {isa = PBXFileReference; lastKnownFileType = text.plist.xml; path = Info.plist; sourceTree = "<group>"; };
/* End PBXFileReference section */

/* Begin PBXFrameworksBuildPhase section */
		793A274025FFFF5F00E96693 /* Frameworks */ = {
			isa = PBXFrameworksBuildPhase;
			buildActionMask = 2147483647;
			files = (
			);
			runOnlyForDeploymentPostprocessing = 0;
		};
		793A275B25FFFF6200E96693 /* Frameworks */ = {
			isa = PBXFrameworksBuildPhase;
			buildActionMask = 2147483647;
			files = (
			);
			runOnlyForDeploymentPostprocessing = 0;
		};
		793A276625FFFF6200E96693 /* Frameworks */ = {
			isa = PBXFrameworksBuildPhase;
			buildActionMask = 2147483647;
			files = (
			);
			runOnlyForDeploymentPostprocessing = 0;
		};
/* End PBXFrameworksBuildPhase section */

/* Begin PBXGroup section */
		793A273A25FFFF5F00E96693 = {
			isa = PBXGroup;
			children = (
				793A274525FFFF5F00E96693 /* interesting_api_project */,
				793A276125FFFF6200E96693 /* interesting_api_projectTests */,
				793A276C25FFFF6200E96693 /* interesting_api_projectUITests */,
				793A274425FFFF5F00E96693 /* Products */,
			);
			sourceTree = "<group>";
		};
		793A274425FFFF5F00E96693 /* Products */ = {
			isa = PBXGroup;
			children = (
				793A274325FFFF5F00E96693 /* interesting_api_project.app */,
				793A275E25FFFF6200E96693 /* interesting_api_projectTests.xctest */,
				793A276925FFFF6200E96693 /* interesting_api_projectUITests.xctest */,
			);
			name = Products;
			sourceTree = "<group>";
		};
		793A274525FFFF5F00E96693 /* interesting_api_project */ = {
			isa = PBXGroup;
			children = (
				793A274625FFFF5F00E96693 /* AppDelegate.h */,
				793A274725FFFF5F00E96693 /* AppDelegate.m */,
				793A274925FFFF5F00E96693 /* SceneDelegate.h */,
				793A274A25FFFF5F00E96693 /* SceneDelegate.m */,
				793A274C25FFFF5F00E96693 /* ViewController.h */,
				793A274D25FFFF5F00E96693 /* ViewController.m */,
				793A274F25FFFF5F00E96693 /* Main.storyboard */,
				793A275225FFFF6100E96693 /* Assets.xcassets */,
				793A275425FFFF6100E96693 /* LaunchScreen.storyboard */,
				793A275725FFFF6100E96693 /* Info.plist */,
				793A275825FFFF6100E96693 /* main.m */,
			);
			path = interesting_api_project;
			sourceTree = "<group>";
		};
		793A276125FFFF6200E96693 /* interesting_api_projectTests */ = {
			isa = PBXGroup;
			children = (
				793A276225FFFF6200E96693 /* interesting_api_projectTests.m */,
				793A276425FFFF6200E96693 /* Info.plist */,
			);
			path = interesting_api_projectTests;
			sourceTree = "<group>";
		};
		793A276C25FFFF6200E96693 /* interesting_api_projectUITests */ = {
			isa = PBXGroup;
			children = (
				793A276D25FFFF6200E96693 /* interesting_api_projectUITests.m */,
				793A276F25FFFF6200E96693 /* Info.plist */,
			);
			path = interesting_api_projectUITests;
			sourceTree = "<group>";
		};
/* End PBXGroup section */

/* Begin PBXNativeTarget section */
		793A274225FFFF5F00E96693 /* interesting_api_project */ = {
			isa = PBXNativeTarget;
			buildConfigurationList = 793A277225FFFF6200E96693 /* Build configuration list for PBXNativeTarget "interesting_api_project" */;
			buildPhases = (
				793A273F25FFFF5F00E96693 /* Sources */,
				793A274025FFFF5F00E96693 /* Frameworks */,
				793A274125FFFF5F00E96693 /* Resources */,
			);
			buildRules = (
			);
			dependencies = (
			);
			name = interesting_api_project;
			productName = interesting_api_project;
			productReference = 793A274325FFFF5F00E96693 /* interesting_api_project.app */;
			productType = "com.apple.product-type.application";
		};
		793A275D25FFFF6200E96693 /* interesting_api_projectTests */ = {
			isa = PBXNativeTarget;
			buildConfigurationList = 793A277525FFFF6200E96693 /* Build configuration list for PBXNativeTarget "interesting_api_projectTests" */;
			buildPhases = (
				793A275A25FFFF6200E96693 /* Sources */,
				793A275B25FFFF6200E96693 /* Frameworks */,
				793A275C25FFFF6200E96693 /* Resources */,
			);
			buildRules = (
			);
			dependencies = (
				793A276025FFFF6200E96693 /* PBXTargetDependency */,
			);
			name = interesting_api_projectTests;
			productName = interesting_api_projectTests;
			productReference = 793A275E25FFFF6200E96693 /* interesting_api_projectTests.xctest */;
			productType = "com.apple.product-type.bundle.unit-test";
		};
		793A276825FFFF6200E96693 /* interesting_api_projectUITests */ = {
			isa = PBXNativeTarget;
			buildConfigurationList = 793A277825FFFF6200E96693 /* Build configuration list for PBXNativeTarget "interesting_api_projectUITests" */;
			buildPhases = (
				793A276525FFFF6200E96693 /* Sources */,
				793A276625FFFF6200E96693 /* Frameworks */,
				793A276725FFFF6200E96693 /* Resources */,
			);
			buildRules = (
			);
			dependencies = (
				793A276B25FFFF6200E96693 /* PBXTargetDependency */,
			);
			name = interesting_api_projectUITests;
			productName = interesting_api_projectUITests;
			productReference = 793A276925FFFF6200E96693 /* interesting_api_projectUITests.xctest */;
			productType = "com.apple.product-type.bundle.ui-testing";
		};
/* End PBXNativeTarget section */

/* Begin PBXProject section */
		793A273B25FFFF5F00E96693 /* Project object */ = {
			isa = PBXProject;
			attributes = {
				LastUpgradeCheck = 1240;
				TargetAttributes = {
					793A274225FFFF5F00E96693 = {
						CreatedOnToolsVersion = 12.4;
					};
					793A275D25FFFF6200E96693 = {
						CreatedOnToolsVersion = 12.4;
						TestTargetID = 793A274225FFFF5F00E96693;
					};
					793A276825FFFF6200E96693 = {
						CreatedOnToolsVersion = 12.4;
						TestTargetID = 793A274225FFFF5F00E96693;
					};
				};
			};
			buildConfigurationList = 793A273E25FFFF5F00E96693 /* Build configuration list for PBXProject "interesting_api_project" */;
			compatibilityVersion = "Xcode 9.3";
			developmentRegion = en;
			hasScannedForEncodings = 0;
			knownRegions = (
				en,
				Base,
			);
			mainGroup = 793A273A25FFFF5F00E96693;
			productRefGroup = 793A274425FFFF5F00E96693 /* Products */;
			projectDirPath = "";
			projectRoot = "";
			targets = (
				793A274225FFFF5F00E96693 /* interesting_api_project */,
				793A275D25FFFF6200E96693 /* interesting_api_projectTests */,
				793A276825FFFF6200E96693 /* interesting_api_projectUITests */,
			);
		};
/* End PBXProject section */

/* Begin PBXResourcesBuildPhase section */
		793A274125FFFF5F00E96693 /* Resources */ = {
			isa = PBXResourcesBuildPhase;
			buildActionMask = 2147483647;
			files = (
				793A275625FFFF6100E96693 /* LaunchScreen.storyboard in Resources */,
				793A275325FFFF6100E96693 /* Assets.xcassets in Resources */,
				793A275125FFFF5F00E96693 /* Main.storyboard in Resources */,
			);
			runOnlyForDeploymentPostprocessing = 0;
		};
		793A275C25FFFF6200E96693 /* Resources */ = {
			isa = PBXResourcesBuildPhase;
			buildActionMask = 2147483647;
			files = (
			);
			runOnlyForDeploymentPostprocessing = 0;
		};
		793A276725FFFF6200E96693 /* Resources */ = {
			isa = PBXResourcesBuildPhase;
			buildActionMask = 2147483647;
			files = (
			);
			runOnlyForDeploymentPostprocessing = 0;
		};
/* End PBXResourcesBuildPhase section */

/* Begin PBXSourcesBuildPhase section */
		793A273F25FFFF5F00E96693 /* Sources */ = {
			isa = PBXSourcesBuildPhase;
			buildActionMask = 2147483647;
			files = (
				793A274E25FFFF5F00E96693 /* ViewController.m in Sources */,
				793A274825FFFF5F00E96693 /* AppDelegate.m in Sources */,
				793A275925FFFF6100E96693 /* main.m in Sources */,
				793A274B25FFFF5F00E96693 /* SceneDelegate.m in Sources */,
			);
			runOnlyForDeploymentPostprocessing = 0;
		};
		793A275A25FFFF6200E96693 /* Sources */ = {
			isa = PBXSourcesBuildPhase;
			buildActionMask = 2147483647;
			files = (
				793A276325FFFF6200E96693 /* interesting_api_projectTests.m in Sources */,
			);
			runOnlyForDeploymentPostprocessing = 0;
		};
		793A276525FFFF6200E96693 /* Sources */ = {
			isa = PBXSourcesBuildPhase;
			buildActionMask = 2147483647;
			files = (
				793A276E25FFFF6200E96693 /* interesting_api_projectUITests.m in Sources */,
			);
			runOnlyForDeploymentPostprocessing = 0;
		};
/* End PBXSourcesBuildPhase section */

/* Begin PBXTargetDependency section */
		793A276025FFFF6200E96693 /* PBXTargetDependency */ = {
			isa = PBXTargetDependency;
			target = 793A274225FFFF5F00E96693 /* interesting_api_project */;
			targetProxy = 793A275F25FFFF6200E96693 /* PBXContainerItemProxy */;
		};
		793A276B25FFFF6200E96693 /* PBXTargetDependency */ = {
			isa = PBXTargetDependency;
			target = 793A274225FFFF5F00E96693 /* interesting_api_project */;
			targetProxy = 793A276A25FFFF6200E96693 /* PBXContainerItemProxy */;
		};
/* End PBXTargetDependency section */

/* Begin PBXVariantGroup section */
		793A274F25FFFF5F00E96693 /* Main.storyboard */ = {
			isa = PBXVariantGroup;
			children = (
				793A275025FFFF5F00E96693 /* Base */,
			);
			name = Main.storyboard;
			sourceTree = "<group>";
		};
		793A275425FFFF6100E96693 /* LaunchScreen.storyboard */ = {
			isa = PBXVariantGroup;
			children = (
				793A275525FFFF6100E96693 /* Base */,
			);
			name = LaunchScreen.storyboard;
			sourceTree = "<group>";
		};
/* End PBXVariantGroup section */

/* Begin XCBuildConfiguration section */
		793A277025FFFF6200E96693 /* Debug */ = {
			isa = XCBuildConfiguration;
			buildSettings = {
				ALWAYS_SEARCH_USER_PATHS = NO;
				CLANG_ANALYZER_NONNULL = YES;
				CLANG_ANALYZER_NUMBER_OBJECT_CONVERSION = YES_AGGRESSIVE;
				CLANG_CXX_LANGUAGE_STANDARD = "gnu++14";
				CLANG_CXX_LIBRARY = "libc++";
				CLANG_ENABLE_MODULES = YES;
				CLANG_ENABLE_OBJC_ARC = YES;
				CLANG_ENABLE_OBJC_WEAK = YES;
				CLANG_WARN_BLOCK_CAPTURE_AUTORELEASING = YES;
				CLANG_WARN_BOOL_CONVERSION = YES;
				CLANG_WARN_COMMA = YES;
				CLANG_WARN_CONSTANT_CONVERSION = YES;
				CLANG_WARN_DEPRECATED_OBJC_IMPLEMENTATIONS = YES;
				CLANG_WARN_DIRECT_OBJC_ISA_USAGE = YES_ERROR;
				CLANG_WARN_DOCUMENTATION_COMMENTS = YES;
				CLANG_WARN_EMPTY_BODY = YES;
				CLANG_WARN_ENUM_CONVERSION = YES;
				CLANG_WARN_INFINITE_RECURSION = YES;
				CLANG_WARN_INT_CONVERSION = YES;
				CLANG_WARN_NON_LITERAL_NULL_CONVERSION = YES;
				CLANG_WARN_OBJC_IMPLICIT_RETAIN_SELF = YES;
				CLANG_WARN_OBJC_LITERAL_CONVERSION = YES;
				CLANG_WARN_OBJC_ROOT_CLASS = YES_ERROR;
				CLANG_WARN_QUOTED_INCLUDE_IN_FRAMEWORK_HEADER = YES;
				CLANG_WARN_RANGE_LOOP_ANALYSIS = YES;
				CLANG_WARN_STRICT_PROTOTYPES = YES;
				CLANG_WARN_SUSPICIOUS_MOVE = YES;
				CLANG_WARN_UNGUARDED_AVAILABILITY = YES_AGGRESSIVE;
				CLANG_WARN_UNREACHABLE_CODE = YES;
				CLANG_WARN__DUPLICATE_METHOD_MATCH = YES;
				COPY_PHASE_STRIP = NO;
				DEBUG_INFORMATION_FORMAT = dwarf;
				ENABLE_STRICT_OBJC_MSGSEND = YES;
				ENABLE_TESTABILITY = YES;
				GCC_C_LANGUAGE_STANDARD = gnu11;
				GCC_DYNAMIC_NO_PIC = NO;
				GCC_NO_COMMON_BLOCKS = YES;
				GCC_OPTIMIZATION_LEVEL = 0;
				GCC_PREPROCESSOR_DEFINITIONS = (
					"DEBUG=1",
					"$(inherited)",
				);
				GCC_WARN_64_TO_32_BIT_CONVERSION = YES;
				GCC_WARN_ABOUT_RETURN_TYPE = YES_ERROR;
				GCC_WARN_UNDECLARED_SELECTOR = YES;
				GCC_WARN_UNINITIALIZED_AUTOS = YES_AGGRESSIVE;
				GCC_WARN_UNUSED_FUNCTION = YES;
				GCC_WARN_UNUSED_VARIABLE = YES;
				IPHONEOS_DEPLOYMENT_TARGET = 14.4;
				MTL_ENABLE_DEBUG_INFO = INCLUDE_SOURCE;
				MTL_FAST_MATH = YES;
				ONLY_ACTIVE_ARCH = YES;
				SDKROOT = iphoneos;
			};
			name = Debug;
		};
		793A277125FFFF6200E96693 /* Release */ = {
			isa = XCBuildConfiguration;
			buildSettings = {
				ALWAYS_SEARCH_USER_PATHS = NO;
				CLANG_ANALYZER_NONNULL = YES;
				CLANG_ANALYZER_NUMBER_OBJECT_CONVERSION = YES_AGGRESSIVE;
				CLANG_CXX_LANGUAGE_STANDARD = "gnu++14";
				CLANG_CXX_LIBRARY = "libc++";
				CLANG_ENABLE_MODULES = YES;
				CLANG_ENABLE_OBJC_ARC = YES;
				CLANG_ENABLE_OBJC_WEAK = YES;
				CLANG_WARN_BLOCK_CAPTURE_AUTORELEASING = YES;
				CLANG_WARN_BOOL_CONVERSION = YES;
				CLANG_WARN_COMMA = YES;
				CLANG_WARN_CONSTANT_CONVERSION = YES;
				CLANG_WARN_DEPRECATED_OBJC_IMPLEMENTATIONS = YES;
				CLANG_WARN_DIRECT_OBJC_ISA_USAGE = YES_ERROR;
				CLANG_WARN_DOCUMENTATION_COMMENTS = YES;
				CLANG_WARN_EMPTY_BODY = YES;
				CLANG_WARN_ENUM_CONVERSION = YES;
				CLANG_WARN_INFINITE_RECURSION = YES;
				CLANG_WARN_INT_CONVERSION = YES;
				CLANG_WARN_NON_LITERAL_NULL_CONVERSION = YES;
				CLANG_WARN_OBJC_IMPLICIT_RETAIN_SELF = YES;
				CLANG_WARN_OBJC_LITERAL_CONVERSION = YES;
				CLANG_WARN_OBJC_ROOT_CLASS = YES_ERROR;
				CLANG_WARN_QUOTED_INCLUDE_IN_FRAMEWORK_HEADER = YES;
				CLANG_WARN_RANGE_LOOP_ANALYSIS = YES;
				CLANG_WARN_STRICT_PROTOTYPES = YES;
				CLANG_WARN_SUSPICIOUS_MOVE = YES;
				CLANG_WARN_UNGUARDED_AVAILABILITY = YES_AGGRESSIVE;
				CLANG_WARN_UNREACHABLE_CODE = YES;
				CLANG_WARN__DUPLICATE_METHOD_MATCH = YES;
				COPY_PHASE_STRIP = NO;
				DEBUG_INFORMATION_FORMAT = "dwarf-with-dsym";
				ENABLE_NS_ASSERTIONS = NO;
				ENABLE_STRICT_OBJC_MSGSEND = YES;
				GCC_C_LANGUAGE_STANDARD = gnu11;
				GCC_NO_COMMON_BLOCKS = YES;
				GCC_WARN_64_TO_32_BIT_CONVERSION = YES;
				GCC_WARN_ABOUT_RETURN_TYPE = YES_ERROR;
				GCC_WARN_UNDECLARED_SELECTOR = YES;
				GCC_WARN_UNINITIALIZED_AUTOS = YES_AGGRESSIVE;
				GCC_WARN_UNUSED_FUNCTION = YES;
				GCC_WARN_UNUSED_VARIABLE = YES;
				IPHONEOS_DEPLOYMENT_TARGET = 14.4;
				MTL_ENABLE_DEBUG_INFO = NO;
				MTL_FAST_MATH = YES;
				SDKROOT = iphoneos;
				VALIDATE_PRODUCT = YES;
			};
			name = Release;
		};
		793A277325FFFF6200E96693 /* Debug */ = {
			isa = XCBuildConfiguration;
			buildSettings = {
				ASSETCATALOG_COMPILER_APPICON_NAME = AppIcon;
				ASSETCATALOG_COMPILER_GLOBAL_ACCENT_COLOR_NAME = AccentColor;
				CODE_SIGN_STYLE = Automatic;
				INFOPLIST_FILE = interesting_api_project/Info.plist;
				IPHONEOS_DEPLOYMENT_TARGET = 13.2;
				LD_RUNPATH_SEARCH_PATHS = (
					"$(inherited)",
					"@executable_path/Frameworks",
				);
				PRODUCT_BUNDLE_IDENTIFIER = "jcurtin.interesting-api-project";
				PRODUCT_NAME = "$(TARGET_NAME)";
				TARGETED_DEVICE_FAMILY = "1,2";
			};
			name = Debug;
		};
		793A277425FFFF6200E96693 /* Release */ = {
			isa = XCBuildConfiguration;
			buildSettings = {
				ASSETCATALOG_COMPILER_APPICON_NAME = AppIcon;
				ASSETCATALOG_COMPILER_GLOBAL_ACCENT_COLOR_NAME = AccentColor;
				CODE_SIGN_STYLE = Automatic;
				INFOPLIST_FILE = interesting_api_project/Info.plist;
				IPHONEOS_DEPLOYMENT_TARGET = 13.2;
				LD_RUNPATH_SEARCH_PATHS = (
					"$(inherited)",
					"@executable_path/Frameworks",
				);
				PRODUCT_BUNDLE_IDENTIFIER = "jcurtin.interesting-api-project";
				PRODUCT_NAME = "$(TARGET_NAME)";
				TARGETED_DEVICE_FAMILY = "1,2";
			};
			name = Release;
		};
		793A277625FFFF6200E96693 /* Debug */ = {
			isa = XCBuildConfiguration;
			buildSettings = {
				BUNDLE_LOADER = "$(TEST_HOST)";
				CODE_SIGN_STYLE = Automatic;
				INFOPLIST_FILE = interesting_api_projectTests/Info.plist;
				IPHONEOS_DEPLOYMENT_TARGET = 14.4;
				LD_RUNPATH_SEARCH_PATHS = (
					"$(inherited)",
					"@executable_path/Frameworks",
					"@loader_path/Frameworks",
				);
				PRODUCT_BUNDLE_IDENTIFIER = "jcurtin.interesting-api-projectTests";
				PRODUCT_NAME = "$(TARGET_NAME)";
				TARGETED_DEVICE_FAMILY = "1,2";
				TEST_HOST = "$(BUILT_PRODUCTS_DIR)/interesting_api_project.app/interesting_api_project";
			};
			name = Debug;
		};
		793A277725FFFF6200E96693 /* Release */ = {
			isa = XCBuildConfiguration;
			buildSettings = {
				BUNDLE_LOADER = "$(TEST_HOST)";
				CODE_SIGN_STYLE = Automatic;
				INFOPLIST_FILE = interesting_api_projectTests/Info.plist;
				IPHONEOS_DEPLOYMENT_TARGET = 14.4;
				LD_RUNPATH_SEARCH_PATHS = (
					"$(inherited)",
					"@executable_path/Frameworks",
					"@loader_path/Frameworks",
				);
				PRODUCT_BUNDLE_IDENTIFIER = "jcurtin.interesting-api-projectTests";
				PRODUCT_NAME = "$(TARGET_NAME)";
				TARGETED_DEVICE_FAMILY = "1,2";
				TEST_HOST = "$(BUILT_PRODUCTS_DIR)/interesting_api_project.app/interesting_api_project";
			};
			name = Release;
		};
		793A277925FFFF6200E96693 /* Debug */ = {
			isa = XCBuildConfiguration;
			buildSettings = {
				CODE_SIGN_STYLE = Automatic;
				INFOPLIST_FILE = interesting_api_projectUITests/Info.plist;
				LD_RUNPATH_SEARCH_PATHS = (
					"$(inherited)",
					"@executable_path/Frameworks",
					"@loader_path/Frameworks",
				);
				PRODUCT_BUNDLE_IDENTIFIER = "jcurtin.interesting-api-projectUITests";
				PRODUCT_NAME = "$(TARGET_NAME)";
				TARGETED_DEVICE_FAMILY = "1,2";
				TEST_TARGET_NAME = interesting_api_project;
			};
			name = Debug;
		};
		793A277A25FFFF6200E96693 /* Release */ = {
			isa = XCBuildConfiguration;
			buildSettings = {
				CODE_SIGN_STYLE = Automatic;
				INFOPLIST_FILE = interesting_api_projectUITests/Info.plist;
				LD_RUNPATH_SEARCH_PATHS = (
					"$(inherited)",
					"@executable_path/Frameworks",
					"@loader_path/Frameworks",
				);
				PRODUCT_BUNDLE_IDENTIFIER = "jcurtin.interesting-api-projectUITests";
				PRODUCT_NAME = "$(TARGET_NAME)";
				TARGETED_DEVICE_FAMILY = "1,2";
				TEST_TARGET_NAME = interesting_api_project;
			};
			name = Release;
		};
/* End XCBuildConfiguration section */

/* Begin XCConfigurationList section */
		793A273E25FFFF5F00E96693 /* Build configuration list for PBXProject "interesting_api_project" */ = {
			isa = XCConfigurationList;
			buildConfigurations = (
				793A277025FFFF6200E96693 /* Debug */,
				793A277125FFFF6200E96693 /* Release */,
			);
			defaultConfigurationIsVisible = 0;
			defaultConfigurationName = Release;
		};
		793A277225FFFF6200E96693 /* Build configuration list for PBXNativeTarget "interesting_api_project" */ = {
			isa = XCConfigurationList;
			buildConfigurations = (
				793A277325FFFF6200E96693 /* Debug */,
				793A277425FFFF6200E96693 /* Release */,
			);
			defaultConfigurationIsVisible = 0;
			defaultConfigurationName = Release;
		};
		793A277525FFFF6200E96693 /* Build configuration list for PBXNativeTarget "interesting_api_projectTests" */ = {
			isa = XCConfigurationList;
			buildConfigurations = (
				793A277625FFFF6200E96693 /* Debug */,
				793A277725FFFF6200E96693 /* Release */,
			);
			defaultConfigurationIsVisible = 0;
			defaultConfigurationName = Release;
		};
		793A277825FFFF6200E96693 /* Build configuration list for PBXNativeTarget "interesting_api_projectUITests" */ = {
			isa = XCConfigurationList;
			buildConfigurations = (
				793A277925FFFF6200E96693 /* Debug */,
				793A277A25FFFF6200E96693 /* Release */,
			);
			defaultConfigurationIsVisible = 0;
			defaultConfigurationName = Release;
		};
/* End XCConfigurationList section */
	};
	rootObject = 793A273B25FFFF5F00E96693 /* Project object */;
}
